
Microsoft Visual Studio Solution File, Format Version 12.00
# Visual Studio Version 16
VisualStudioVersion = 25.0.1700.4
MinimumVisualStudioVersion = 10.0.40219.1
Project("{FAE04EC0-301F-11D3-BF4B-00C04F79EFBC}") = "MCSAtividade2", "MCSAtividade2\MCSAtividade2.csproj", "{2EC94608-E073-4A05-A4BE-F8B2DB215A7B}"
EndProject
Global
	GlobalSection(SolutionConfigurationPlatforms) = preSolution
		Debug|Any CPU = Debug|Any CPU
		Release|Any CPU = Release|Any CPU
	EndGlobalSection
	GlobalSection(ProjectConfigurationPlatforms) = postSolution
		{2EC94608-E073-4A05-A4BE-F8B2DB215A7B}.Debug|Any CPU.ActiveCfg = Debug|Any CPU
		{2EC94608-E073-4A05-A4BE-F8B2DB215A7B}.Debug|Any CPU.Build.0 = Debug|Any CPU
		{2EC94608-E073-4A05-A4BE-F8B2DB215A7B}.Release|Any CPU.ActiveCfg = Release|Any CPU
		{2EC94608-E073-4A05-A4BE-F8B2DB215A7B}.Release|Any CPU.Build.0 = Release|Any CPU
	EndGlobalSection
	GlobalSection(SolutionProperties) = preSolution
		HideSolutionNode = FALSE
	EndGlobalSection
	GlobalSection(ExtensibilityGlobals) = postSolution
		SolutionGuid = {9CBCFF41-215E-4F96-A637-0A69F4F845B4}
	EndGlobalSection
EndGlobal
